
Microsoft Visual Studio Solution File, Format Version 12.00
# Visual Studio Version 16
VisualStudioVersion = 16.0.31402.337
MinimumVisualStudioVersion = 10.0.40219.1
Project("{9A19103F-16F7-4668-BE54-9A1E7A4F7556}") = "ChatSocket", "ChatSocket\ChatSocket.csproj", "{796C050B-A3C5-4C28-99FC-F4457496111E}"
EndProject
Project("{FAE04EC0-301F-11D3-BF4B-00C04F79EFBC}") = "Client", "Client\Client.csproj", "{C30675AD-DE33-48E9-8229-ABFEC345B1D1}"
EndProject
Global
	GlobalSection(SolutionConfigurationPlatforms) = preSolution
		Debug|Any CPU = Debug|Any CPU
		Release|Any CPU = Release|Any CPU
	EndGlobalSection
	GlobalSection(ProjectConfigurationPlatforms) = postSolution
		{796C050B-A3C5-4C28-99FC-F4457496111E}.Debug|Any CPU.ActiveCfg = Debug|Any CPU
		{796C050B-A3C5-4C28-99FC-F4457496111E}.Debug|Any CPU.Build.0 = Debug|Any CPU
		{796C050B-A3C5-4C28-99FC-F4457496111E}.Release|Any CPU.ActiveCfg = Release|Any CPU
		{796C050B-A3C5-4C28-99FC-F4457496111E}.Release|Any CPU.Build.0 = Release|Any CPU
		{C30675AD-DE33-48E9-8229-ABFEC345B1D1}.Debug|Any CPU.ActiveCfg = Debug|Any CPU
		{C30675AD-DE33-48E9-8229-ABFEC345B1D1}.Debug|Any CPU.Build.0 = Debug|Any CPU
		{C30675AD-DE33-48E9-8229-ABFEC345B1D1}.Release|Any CPU.ActiveCfg = Release|Any CPU
		{C30675AD-DE33-48E9-8229-ABFEC345B1D1}.Release|Any CPU.Build.0 = Release|Any CPU
	EndGlobalSection
	GlobalSection(SolutionProperties) = preSolution
		HideSolutionNode = FALSE
	EndGlobalSection
	GlobalSection(ExtensibilityGlobals) = postSolution
		SolutionGuid = {247FF85F-186C-424A-B2E4-1A1D063C8EC3}
	EndGlobalSection
EndGlobal
